
Microsoft Visual Studio Solution File, Format Version 12.00
# Visual Studio Version 17
VisualStudioVersion = 17.5.002.0
MinimumVisualStudioVersion = 10.0.40219.1
Project("{9A19103F-16F7-4668-BE54-9A1E7A4F7556}") = "lexii2", "lexii2.csproj", "{F96BDCE3-A315-4C95-86D7-7C465CCF31CE}"
EndProject
Project("{9A19103F-16F7-4668-BE54-9A1E7A4F7556}") = "lexii2 (1)", "lexii2\lexii2.csproj", "{385E3B64-0828-4257-9879-3BDB41E3042E}"
EndProject
Global
	GlobalSection(SolutionConfigurationPlatforms) = preSolution
		Debug|Any CPU = Debug|Any CPU
		Release|Any CPU = Release|Any CPU
	EndGlobalSection
	GlobalSection(ProjectConfigurationPlatforms) = postSolution
		{F96BDCE3-A315-4C95-86D7-7C465CCF31CE}.Debug|Any CPU.ActiveCfg = Debug|Any CPU
		{F96BDCE3-A315-4C95-86D7-7C465CCF31CE}.Debug|Any CPU.Build.0 = Debug|Any CPU
		{F96BDCE3-A315-4C95-86D7-7C465CCF31CE}.Release|Any CPU.ActiveCfg = Release|Any CPU
		{F96BDCE3-A315-4C95-86D7-7C465CCF31CE}.Release|Any CPU.Build.0 = Release|Any CPU
		{385E3B64-0828-4257-9879-3BDB41E3042E}.Debug|Any CPU.ActiveCfg = Debug|Any CPU
		{385E3B64-0828-4257-9879-3BDB41E3042E}.Debug|Any CPU.Build.0 = Debug|Any CPU
		{385E3B64-0828-4257-9879-3BDB41E3042E}.Release|Any CPU.ActiveCfg = Release|Any CPU
		{385E3B64-0828-4257-9879-3BDB41E3042E}.Release|Any CPU.Build.0 = Release|Any CPU
	EndGlobalSection
	GlobalSection(SolutionProperties) = preSolution
		HideSolutionNode = FALSE
	EndGlobalSection
	GlobalSection(ExtensibilityGlobals) = postSolution
		SolutionGuid = {F011A90A-7EF8-468E-96C9-8CE4257B02C2}
	EndGlobalSection
EndGlobal
